// !$*UTF8*$!
{
	archiveVersion = 1;
	classes = {
	};
	objectVersion = 48;
	objects = {

/* Begin PBXBuildFile section */
		053C453820F74B9A0029F8CE /* ConcentrationButton.swift in Sources */ = {isa = PBXBuildFile; fileRef = 053C453720F74B9A0029F8CE /* ConcentrationButton.swift */; };
		053C453A20F765360029F8CE /* ConcentrationViewContainer.swift in Sources */ = {isa = PBXBuildFile; fileRef = 053C453920F765360029F8CE /* ConcentrationViewContainer.swift */; };
		053C74AA20F4FD7700B5B4E1 /* Concentration.swift in Sources */ = {isa = PBXBuildFile; fileRef = 053C74A920F4FD7700B5B4E1 /* Concentration.swift */; };
		053C74B120F500A800B5B4E1 /* CardsContainerView.swift in Sources */ = {isa = PBXBuildFile; fileRef = 053C74B020F500A700B5B4E1 /* CardsContainerView.swift */; };
		053C74B320F500FF00B5B4E1 /* SetCardButton.swift in Sources */ = {isa = PBXBuildFile; fileRef = 053C74B220F500FF00B5B4E1 /* SetCardButton.swift */; };
		053C74B520F508F600B5B4E1 /* ConcentrationCard.swift in Sources */ = {isa = PBXBuildFile; fileRef = 053C74B420F508F600B5B4E1 /* ConcentrationCard.swift */; };
		053C74B720F5E17B00B5B4E1 /* Default-568h@2x.png in Resources */ = {isa = PBXBuildFile; fileRef = 053C74B620F5E17B00B5B4E1 /* Default-568h@2x.png */; };
		0570C7DC20EFC001005FD492 /* Grid.swift in Sources */ = {isa = PBXBuildFile; fileRef = 0570C7DB20EFC001005FD492 /* Grid.swift */; };
		0570C7DE20EFC02F005FD492 /* SetViewContainer.swift in Sources */ = {isa = PBXBuildFile; fileRef = 0570C7DD20EFC02F005FD492 /* SetViewContainer.swift */; };
		0570C7E020EFC04A005FD492 /* CardViewButton.swift in Sources */ = {isa = PBXBuildFile; fileRef = 0570C7DF20EFC04A005FD492 /* CardViewButton.swift */; };
		0570C7E320EFC07A005FD492 /* setGame.swift in Sources */ = {isa = PBXBuildFile; fileRef = 0570C7E220EFC07A005FD492 /* setGame.swift */; };
		0570C7E720EFC0EC005FD492 /* SetGameController.swift in Sources */ = {isa = PBXBuildFile; fileRef = 0570C7E620EFC0EC005FD492 /* SetGameController.swift */; };
		0570C7E920EFC176005FD492 /* Card.swift in Sources */ = {isa = PBXBuildFile; fileRef = 0570C7E820EFC176005FD492 /* Card.swift */; };
		05C4C2C820EF8F350049233D /* ThemeViewController.swift in Sources */ = {isa = PBXBuildFile; fileRef = 05C4C2C720EF8F350049233D /* ThemeViewController.swift */; };
		EA5F13081FB861A0009590B6 /* AppDelegate.swift in Sources */ = {isa = PBXBuildFile; fileRef = EA5F13071FB861A0009590B6 /* AppDelegate.swift */; };
		EA5F130A1FB861A0009590B6 /* ConcentrationViewController.swift in Sources */ = {isa = PBXBuildFile; fileRef = EA5F13091FB861A0009590B6 /* ConcentrationViewController.swift */; };
		EA5F130D1FB861A0009590B6 /* Main.storyboard in Resources */ = {isa = PBXBuildFile; fileRef = EA5F130B1FB861A0009590B6 /* Main.storyboard */; };
		EA5F130F1FB861A0009590B6 /* Assets.xcassets in Resources */ = {isa = PBXBuildFile; fileRef = EA5F130E1FB861A0009590B6 /* Assets.xcassets */; };
		EA5F13121FB861A0009590B6 /* LaunchScreen.storyboard in Resources */ = {isa = PBXBuildFile; fileRef = EA5F13101FB861A0009590B6 /* LaunchScreen.storyboard */; };
/* End PBXBuildFile section */

/* Begin PBXFileReference section */
		053C453720F74B9A0029F8CE /* ConcentrationButton.swift */ = {isa = PBXFileReference; lastKnownFileType = sourcecode.swift; path = ConcentrationButton.swift; sourceTree = "<group>"; };
		053C453920F765360029F8CE /* ConcentrationViewContainer.swift */ = {isa = PBXFileReference; lastKnownFileType = sourcecode.swift; path = ConcentrationViewContainer.swift; sourceTree = "<group>"; };
		053C74A920F4FD7700B5B4E1 /* Concentration.swift */ = {isa = PBXFileReference; fileEncoding = 4; lastKnownFileType = sourcecode.swift; path = Concentration.swift; sourceTree = "<group>"; };
		053C74B020F500A700B5B4E1 /* CardsContainerView.swift */ = {isa = PBXFileReference; lastKnownFileType = sourcecode.swift; path = CardsContainerView.swift; sourceTree = "<group>"; };
		053C74B220F500FF00B5B4E1 /* SetCardButton.swift */ = {isa = PBXFileReference; lastKnownFileType = sourcecode.swift; path = SetCardButton.swift; sourceTree = "<group>"; };
		053C74B420F508F600B5B4E1 /* ConcentrationCard.swift */ = {isa = PBXFileReference; lastKnownFileType = sourcecode.swift; path = ConcentrationCard.swift; sourceTree = "<group>"; };
		053C74B620F5E17B00B5B4E1 /* Default-568h@2x.png */ = {isa = PBXFileReference; lastKnownFileType = image.png; path = "Default-568h@2x.png"; sourceTree = "<group>"; };
		0570C7DB20EFC001005FD492 /* Grid.swift */ = {isa = PBXFileReference; lastKnownFileType = sourcecode.swift; path = Grid.swift; sourceTree = "<group>"; };
		0570C7DD20EFC02F005FD492 /* SetViewContainer.swift */ = {isa = PBXFileReference; lastKnownFileType = sourcecode.swift; path = SetViewContainer.swift; sourceTree = "<group>"; };
		0570C7DF20EFC04A005FD492 /* CardViewButton.swift */ = {isa = PBXFileReference; lastKnownFileType = sourcecode.swift; path = CardViewButton.swift; sourceTree = "<group>"; };
		0570C7E220EFC07A005FD492 /* setGame.swift */ = {isa = PBXFileReference; lastKnownFileType = sourcecode.swift; path = setGame.swift; sourceTree = "<group>"; };
		0570C7E620EFC0EC005FD492 /* SetGameController.swift */ = {isa = PBXFileReference; lastKnownFileType = sourcecode.swift; path = SetGameController.swift; sourceTree = "<group>"; };
		0570C7E820EFC176005FD492 /* Card.swift */ = {isa = PBXFileReference; lastKnownFileType = sourcecode.swift; path = Card.swift; sourceTree = "<group>"; };
		05C4C2C720EF8F350049233D /* ThemeViewController.swift */ = {isa = PBXFileReference; lastKnownFileType = sourcecode.swift; path = ThemeViewController.swift; sourceTree = "<group>"; };
		EA5F13041FB861A0009590B6 /* Lecture 4 - Concentration.app */ = {isa = PBXFileReference; explicitFileType = wrapper.application; includeInIndex = 0; path = "Lecture 4 - Concentration.app"; sourceTree = BUILT_PRODUCTS_DIR; };
		EA5F13071FB861A0009590B6 /* AppDelegate.swift */ = {isa = PBXFileReference; lastKnownFileType = sourcecode.swift; path = AppDelegate.swift; sourceTree = "<group>"; };
		EA5F13091FB861A0009590B6 /* ConcentrationViewController.swift */ = {isa = PBXFileReference; lastKnownFileType = sourcecode.swift; path = ConcentrationViewController.swift; sourceTree = "<group>"; };
		EA5F130C1FB861A0009590B6 /* Base */ = {isa = PBXFileReference; lastKnownFileType = file.storyboard; name = Base; path = Base.lproj/Main.storyboard; sourceTree = "<group>"; };
		EA5F130E1FB861A0009590B6 /* Assets.xcassets */ = {isa = PBXFileReference; lastKnownFileType = folder.assetcatalog; path = Assets.xcassets; sourceTree = "<group>"; };
		EA5F13111FB861A0009590B6 /* Base */ = {isa = PBXFileReference; lastKnownFileType = file.storyboard; name = Base; path = Base.lproj/LaunchScreen.storyboard; sourceTree = "<group>"; };
		EA5F13131FB861A0009590B6 /* Info.plist */ = {isa = PBXFileReference; lastKnownFileType = text.plist.xml; path = Info.plist; sourceTree = "<group>"; };
/* End PBXFileReference section */

/* Begin PBXFrameworksBuildPhase section */
		EA5F13011FB861A0009590B6 /* Frameworks */ = {
			isa = PBXFrameworksBuildPhase;
			buildActionMask = 2147483647;
			files = (
			);
			runOnlyForDeploymentPostprocessing = 0;
		};
/* End PBXFrameworksBuildPhase section */

/* Begin PBXGroup section */
		053C453620F74B670029F8CE /* Cview */ = {
			isa = PBXGroup;
			children = (
				053C453720F74B9A0029F8CE /* ConcentrationButton.swift */,
				053C453920F765360029F8CE /* ConcentrationViewContainer.swift */,
			);
			path = Cview;
			sourceTree = "<group>";
		};
		053C74AC20F4FF6D00B5B4E1 /* General Views */ = {
			isa = PBXGroup;
			children = (
				053C74B020F500A700B5B4E1 /* CardsContainerView.swift */,
				0570C7DF20EFC04A005FD492 /* CardViewButton.swift */,
				0570C7DB20EFC001005FD492 /* Grid.swift */,
			);
			path = "General Views";
			sourceTree = "<group>";
		};
		053C74AD20F4FFCF00B5B4E1 /* Cmodel */ = {
			isa = PBXGroup;
			children = (
				053C74B420F508F600B5B4E1 /* ConcentrationCard.swift */,
				053C74A920F4FD7700B5B4E1 /* Concentration.swift */,
			);
			path = Cmodel;
			sourceTree = "<group>";
		};
		053C74AF20F4FFE900B5B4E1 /* Controlers */ = {
			isa = PBXGroup;
			children = (
				EA5F13091FB861A0009590B6 /* ConcentrationViewController.swift */,
				05C4C2C720EF8F350049233D /* ThemeViewController.swift */,
			);
			path = Controlers;
			sourceTree = "<group>";
		};
		0570C7DA20EFBFDF005FD492 /* SetView */ = {
			isa = PBXGroup;
			children = (
				0570C7DD20EFC02F005FD492 /* SetViewContainer.swift */,
				053C74B220F500FF00B5B4E1 /* SetCardButton.swift */,
			);
			path = SetView;
			sourceTree = "<group>";
		};
		0570C7E120EFC062005FD492 /* SetModel */ = {
			isa = PBXGroup;
			children = (
				0570C7E220EFC07A005FD492 /* setGame.swift */,
				0570C7E820EFC176005FD492 /* Card.swift */,
			);
			path = SetModel;
			sourceTree = "<group>";
		};
		0570C7EC20F382D3005FD492 /* Concentration */ = {
			isa = PBXGroup;
			children = (
				053C453620F74B670029F8CE /* Cview */,
				053C74AD20F4FFCF00B5B4E1 /* Cmodel */,
				053C74AF20F4FFE900B5B4E1 /* Controlers */,
			);
			name = Concentration;
			path = Concentration/Concentration;
			sourceTree = "<group>";
		};
		EA5F12FB1FB861A0009590B6 = {
			isa = PBXGroup;
			children = (
				EA5F130B1FB861A0009590B6 /* Main.storyboard */,
				053C74AC20F4FF6D00B5B4E1 /* General Views */,
				0570C7E620EFC0EC005FD492 /* SetGameController.swift */,
				0570C7DA20EFBFDF005FD492 /* SetView */,
				0570C7E120EFC062005FD492 /* SetModel */,
				0570C7EC20F382D3005FD492 /* Concentration */,
				EA5F13051FB861A0009590B6 /* Products */,
				EAB24F441FB8622400FD5E4D /* Supporting Files */,
				EA5F13131FB861A0009590B6 /* Info.plist */,
			);
			sourceTree = "<group>";
		};
		EA5F13051FB861A0009590B6 /* Products */ = {
			isa = PBXGroup;
			children = (
				EA5F13041FB861A0009590B6 /* Lecture 4 - Concentration.app */,
			);
			name = Products;
			sourceTree = "<group>";
		};
		EAB24F441FB8622400FD5E4D /* Supporting Files */ = {
			isa = PBXGroup;
			children = (
				053C74B620F5E17B00B5B4E1 /* Default-568h@2x.png */,
				EA5F13071FB861A0009590B6 /* AppDelegate.swift */,
				EA5F130E1FB861A0009590B6 /* Assets.xcassets */,
				EA5F13101FB861A0009590B6 /* LaunchScreen.storyboard */,
			);
			path = "Supporting Files";
			sourceTree = "<group>";
		};
/* End PBXGroup section */

/* Begin PBXNativeTarget section */
		EA5F13031FB861A0009590B6 /* Lecture 4 - Concentration */ = {
			isa = PBXNativeTarget;
			buildConfigurationList = EA5F13161FB861A0009590B6 /* Build configuration list for PBXNativeTarget "Lecture 4 - Concentration" */;
			buildPhases = (
				EA5F13001FB861A0009590B6 /* Sources */,
				EA5F13011FB861A0009590B6 /* Frameworks */,
				EA5F13021FB861A0009590B6 /* Resources */,
			);
			buildRules = (
			);
			dependencies = (
			);
			name = "Lecture 4 - Concentration";
			productName = Concentration;
			productReference = EA5F13041FB861A0009590B6 /* Lecture 4 - Concentration.app */;
			productType = "com.apple.product-type.application";
		};
/* End PBXNativeTarget section */

/* Begin PBXProject section */
		EA5F12FC1FB861A0009590B6 /* Project object */ = {
			isa = PBXProject;
			attributes = {
				LastSwiftUpdateCheck = 0900;
				LastUpgradeCheck = 0940;
				ORGANIZATIONNAME = "Michel Deiman";
				TargetAttributes = {
					EA5F13031FB861A0009590B6 = {
						CreatedOnToolsVersion = 9.0;
						ProvisioningStyle = Automatic;
					};
				};
			};
			buildConfigurationList = EA5F12FF1FB861A0009590B6 /* Build configuration list for PBXProject "Lecture 4 - Concentration" */;
			compatibilityVersion = "Xcode 8.0";
			developmentRegion = en;
			hasScannedForEncodings = 0;
			knownRegions = (
				en,
				Base,
			);
			mainGroup = EA5F12FB1FB861A0009590B6;
			productRefGroup = EA5F13051FB861A0009590B6 /* Products */;
			projectDirPath = "";
			projectRoot = "";
			targets = (
				EA5F13031FB861A0009590B6 /* Lecture 4 - Concentration */,
			);
		};
/* End PBXProject section */

/* Begin PBXResourcesBuildPhase section */
		EA5F13021FB861A0009590B6 /* Resources */ = {
			isa = PBXResourcesBuildPhase;
			buildActionMask = 2147483647;
			files = (
				EA5F13121FB861A0009590B6 /* LaunchScreen.storyboard in Resources */,
				053C74B720F5E17B00B5B4E1 /* Default-568h@2x.png in Resources */,
				EA5F130F1FB861A0009590B6 /* Assets.xcassets in Resources */,
				EA5F130D1FB861A0009590B6 /* Main.storyboard in Resources */,
			);
			runOnlyForDeploymentPostprocessing = 0;
		};
/* End PBXResourcesBuildPhase section */

/* Begin PBXSourcesBuildPhase section */
		EA5F13001FB861A0009590B6 /* Sources */ = {
			isa = PBXSourcesBuildPhase;
			buildActionMask = 2147483647;
			files = (
				053C74B320F500FF00B5B4E1 /* SetCardButton.swift in Sources */,
				05C4C2C820EF8F350049233D /* ThemeViewController.swift in Sources */,
				EA5F130A1FB861A0009590B6 /* ConcentrationViewController.swift in Sources */,
				053C74B120F500A800B5B4E1 /* CardsContainerView.swift in Sources */,
				0570C7E720EFC0EC005FD492 /* SetGameController.swift in Sources */,
				0570C7E320EFC07A005FD492 /* setGame.swift in Sources */,
				053C74AA20F4FD7700B5B4E1 /* Concentration.swift in Sources */,
				053C453A20F765360029F8CE /* ConcentrationViewContainer.swift in Sources */,
				0570C7DE20EFC02F005FD492 /* SetViewContainer.swift in Sources */,
				0570C7E920EFC176005FD492 /* Card.swift in Sources */,
				0570C7E020EFC04A005FD492 /* CardViewButton.swift in Sources */,
				0570C7DC20EFC001005FD492 /* Grid.swift in Sources */,
				053C74B520F508F600B5B4E1 /* ConcentrationCard.swift in Sources */,
				EA5F13081FB861A0009590B6 /* AppDelegate.swift in Sources */,
				053C453820F74B9A0029F8CE /* ConcentrationButton.swift in Sources */,
			);
			runOnlyForDeploymentPostprocessing = 0;
		};
/* End PBXSourcesBuildPhase section */

/* Begin PBXVariantGroup section */
		EA5F130B1FB861A0009590B6 /* Main.storyboard */ = {
			isa = PBXVariantGroup;
			children = (
				EA5F130C1FB861A0009590B6 /* Base */,
			);
			name = Main.storyboard;
			sourceTree = "<group>";
		};
		EA5F13101FB861A0009590B6 /* LaunchScreen.storyboard */ = {
			isa = PBXVariantGroup;
			children = (
				EA5F13111FB861A0009590B6 /* Base */,
			);
			name = LaunchScreen.storyboard;
			sourceTree = "<group>";
		};
/* End PBXVariantGroup section */

/* Begin XCBuildConfiguration section */
		EA5F13141FB861A0009590B6 /* Debug */ = {
			isa = XCBuildConfiguration;
			buildSettings = {
				ALWAYS_SEARCH_USER_PATHS = NO;
				CLANG_ANALYZER_NONNULL = YES;
				CLANG_ANALYZER_NUMBER_OBJECT_CONVERSION = YES_AGGRESSIVE;
				CLANG_CXX_LANGUAGE_STANDARD = "gnu++14";
				CLANG_CXX_LIBRARY = "libc++";
				CLANG_ENABLE_MODULES = YES;
				CLANG_ENABLE_OBJC_ARC = YES;
				CLANG_WARN_BLOCK_CAPTURE_AUTORELEASING = YES;
				CLANG_WARN_BOOL_CONVERSION = YES;
				CLANG_WARN_COMMA = YES;
				CLANG_WARN_CONSTANT_CONVERSION = YES;
				CLANG_WARN_DEPRECATED_OBJC_IMPLEMENTATIONS = YES;
				CLANG_WARN_DIRECT_OBJC_ISA_USAGE = YES_ERROR;
				CLANG_WARN_DOCUMENTATION_COMMENTS = YES;
				CLANG_WARN_EMPTY_BODY = YES;
				CLANG_WARN_ENUM_CONVERSION = YES;
				CLANG_WARN_INFINITE_RECURSION = YES;
				CLANG_WARN_INT_CONVERSION = YES;
				CLANG_WARN_NON_LITERAL_NULL_CONVERSION = YES;
				CLANG_WARN_OBJC_IMPLICIT_RETAIN_SELF = YES;
				CLANG_WARN_OBJC_LITERAL_CONVERSION = YES;
				CLANG_WARN_OBJC_ROOT_CLASS = YES_ERROR;
				CLANG_WARN_RANGE_LOOP_ANALYSIS = YES;
				CLANG_WARN_STRICT_PROTOTYPES = YES;
				CLANG_WARN_SUSPICIOUS_MOVE = YES;
				CLANG_WARN_UNGUARDED_AVAILABILITY = YES_AGGRESSIVE;
				CLANG_WARN_UNREACHABLE_CODE = YES;
				CLANG_WARN__DUPLICATE_METHOD_MATCH = YES;
				CODE_SIGN_IDENTITY = "iPhone Developer";
				COPY_PHASE_STRIP = NO;
				DEBUG_INFORMATION_FORMAT = dwarf;
				ENABLE_STRICT_OBJC_MSGSEND = YES;
				ENABLE_TESTABILITY = YES;
				GCC_C_LANGUAGE_STANDARD = gnu11;
				GCC_DYNAMIC_NO_PIC = NO;
				GCC_NO_COMMON_BLOCKS = YES;
				GCC_OPTIMIZATION_LEVEL = 0;
				GCC_PREPROCESSOR_DEFINITIONS = (
					"DEBUG=1",
					"$(inherited)",
				);
				GCC_WARN_64_TO_32_BIT_CONVERSION = YES;
				GCC_WARN_ABOUT_RETURN_TYPE = YES_ERROR;
				GCC_WARN_UNDECLARED_SELECTOR = YES;
				GCC_WARN_UNINITIALIZED_AUTOS = YES_AGGRESSIVE;
				GCC_WARN_UNUSED_FUNCTION = YES;
				GCC_WARN_UNUSED_VARIABLE = YES;
				IPHONEOS_DEPLOYMENT_TARGET = 11.0;
				MTL_ENABLE_DEBUG_INFO = YES;
				ONLY_ACTIVE_ARCH = YES;
				SDKROOT = iphoneos;
				SWIFT_ACTIVE_COMPILATION_CONDITIONS = DEBUG;
				SWIFT_OPTIMIZATION_LEVEL = "-Onone";
			};
			name = Debug;
		};
		EA5F13151FB861A0009590B6 /* Release */ = {
			isa = XCBuildConfiguration;
			buildSettings = {
				ALWAYS_SEARCH_USER_PATHS = NO;
				CLANG_ANALYZER_NONNULL = YES;
				CLANG_ANALYZER_NUMBER_OBJECT_CONVERSION = YES_AGGRESSIVE;
				CLANG_CXX_LANGUAGE_STANDARD = "gnu++14";
				CLANG_CXX_LIBRARY = "libc++";
				CLANG_ENABLE_MODULES = YES;
				CLANG_ENABLE_OBJC_ARC = YES;
				CLANG_WARN_BLOCK_CAPTURE_AUTORELEASING = YES;
				CLANG_WARN_BOOL_CONVERSION = YES;
				CLANG_WARN_COMMA = YES;
				CLANG_WARN_CONSTANT_CONVERSION = YES;
				CLANG_WARN_DEPRECATED_OBJC_IMPLEMENTATIONS = YES;
				CLANG_WARN_DIRECT_OBJC_ISA_USAGE = YES_ERROR;
				CLANG_WARN_DOCUMENTATION_COMMENTS = YES;
				CLANG_WARN_EMPTY_BODY = YES;
				CLANG_WARN_ENUM_CONVERSION = YES;
				CLANG_WARN_INFINITE_RECURSION = YES;
				CLANG_WARN_INT_CONVERSION = YES;
				CLANG_WARN_NON_LITERAL_NULL_CONVERSION = YES;
				CLANG_WARN_OBJC_IMPLICIT_RETAIN_SELF = YES;
				CLANG_WARN_OBJC_LITERAL_CONVERSION = YES;
				CLANG_WARN_OBJC_ROOT_CLASS = YES_ERROR;
				CLANG_WARN_RANGE_LOOP_ANALYSIS = YES;
				CLANG_WARN_STRICT_PROTOTYPES = YES;
				CLANG_WARN_SUSPICIOUS_MOVE = YES;
				CLANG_WARN_UNGUARDED_AVAILABILITY = YES_AGGRESSIVE;
				CLANG_WARN_UNREACHABLE_CODE = YES;
				CLANG_WARN__DUPLICATE_METHOD_MATCH = YES;
				CODE_SIGN_IDENTITY = "iPhone Developer";
				COPY_PHASE_STRIP = NO;
				DEBUG_INFORMATION_FORMAT = "dwarf-with-dsym";
				ENABLE_NS_ASSERTIONS = NO;
				ENABLE_STRICT_OBJC_MSGSEND = YES;
				GCC_C_LANGUAGE_STANDARD = gnu11;
				GCC_NO_COMMON_BLOCKS = YES;
				GCC_WARN_64_TO_32_BIT_CONVERSION = YES;
				GCC_WARN_ABOUT_RETURN_TYPE = YES_ERROR;
				GCC_WARN_UNDECLARED_SELECTOR = YES;
				GCC_WARN_UNINITIALIZED_AUTOS = YES_AGGRESSIVE;
				GCC_WARN_UNUSED_FUNCTION = YES;
				GCC_WARN_UNUSED_VARIABLE = YES;
				IPHONEOS_DEPLOYMENT_TARGET = 11.0;
				MTL_ENABLE_DEBUG_INFO = NO;
				SDKROOT = iphoneos;
				SWIFT_OPTIMIZATION_LEVEL = "-Owholemodule";
				VALIDATE_PRODUCT = YES;
			};
			name = Release;
		};
		EA5F13171FB861A0009590B6 /* Debug */ = {
			isa = XCBuildConfiguration;
			buildSettings = {
				ASSETCATALOG_COMPILER_APPICON_NAME = AppIcon;
				CODE_SIGN_STYLE = Automatic;
				DEVELOPMENT_TEAM = DVMRYPRM28;
				INFOPLIST_FILE = "$(SRCROOT)/Info.plist";
				LD_RUNPATH_SEARCH_PATHS = "$(inherited) @executable_path/Frameworks";
				PRODUCT_BUNDLE_IDENTIFIER = "deiman.Lecture-4-Concentration";
				PRODUCT_NAME = "$(TARGET_NAME)";
				SWIFT_VERSION = 4.0;
				TARGETED_DEVICE_FAMILY = "1,2";
			};
			name = Debug;
		};
		EA5F13181FB861A0009590B6 /* Release */ = {
			isa = XCBuildConfiguration;
			buildSettings = {
				ASSETCATALOG_COMPILER_APPICON_NAME = AppIcon;
				CODE_SIGN_STYLE = Automatic;
				DEVELOPMENT_TEAM = DVMRYPRM28;
				INFOPLIST_FILE = "$(SRCROOT)/Info.plist";
				LD_RUNPATH_SEARCH_PATHS = "$(inherited) @executable_path/Frameworks";
				PRODUCT_BUNDLE_IDENTIFIER = "deiman.Lecture-4-Concentration";
				PRODUCT_NAME = "$(TARGET_NAME)";
				SWIFT_VERSION = 4.0;
				TARGETED_DEVICE_FAMILY = "1,2";
			};
			name = Release;
		};
/* End XCBuildConfiguration section */

/* Begin XCConfigurationList section */
		EA5F12FF1FB861A0009590B6 /* Build configuration list for PBXProject "Lecture 4 - Concentration" */ = {
			isa = XCConfigurationList;
			buildConfigurations = (
				EA5F13141FB861A0009590B6 /* Debug */,
				EA5F13151FB861A0009590B6 /* Release */,
			);
			defaultConfigurationIsVisible = 0;
			defaultConfigurationName = Release;
		};
		EA5F13161FB861A0009590B6 /* Build configuration list for PBXNativeTarget "Lecture 4 - Concentration" */ = {
			isa = XCConfigurationList;
			buildConfigurations = (
				EA5F13171FB861A0009590B6 /* Debug */,
				EA5F13181FB861A0009590B6 /* Release */,
			);
			defaultConfigurationIsVisible = 0;
			defaultConfigurationName = Release;
		};
/* End XCConfigurationList section */
	};
	rootObject = EA5F12FC1FB861A0009590B6 /* Project object */;
}
